
Microsoft Visual Studio Solution File, Format Version 12.00
# Visual Studio Version 17
VisualStudioVersion = 17.1.32414.318
MinimumVisualStudioVersion = 10.0.40219.1
Project("{9A19103F-16F7-4668-BE54-9A1E7A4F7556}") = "ElevatorPanel", "Elevator1\ElevatorPanel.csproj", "{E3938744-AAC9-47F0-B5FA-4193EA76C5FE}"
EndProject
Global
	GlobalSection(SolutionConfigurationPlatforms) = preSolution
		Debug|Any CPU = Debug|Any CPU
		Release|Any CPU = Release|Any CPU
	EndGlobalSection
	GlobalSection(ProjectConfigurationPlatforms) = postSolution
		{E3938744-AAC9-47F0-B5FA-4193EA76C5FE}.Debug|Any CPU.ActiveCfg = Debug|Any CPU
		{E3938744-AAC9-47F0-B5FA-4193EA76C5FE}.Debug|Any CPU.Build.0 = Debug|Any CPU
		{E3938744-AAC9-47F0-B5FA-4193EA76C5FE}.Release|Any CPU.ActiveCfg = Release|Any CPU
		{E3938744-AAC9-47F0-B5FA-4193EA76C5FE}.Release|Any CPU.Build.0 = Release|Any CPU
	EndGlobalSection
	GlobalSection(SolutionProperties) = preSolution
		HideSolutionNode = FALSE
	EndGlobalSection
	GlobalSection(ExtensibilityGlobals) = postSolution
		SolutionGuid = {4101540E-B8ED-47BE-81E6-EF4773B6C1C4}
	EndGlobalSection
EndGlobal
